
Microsoft Visual Studio Solution File, Format Version 12.00
# Visual Studio Version 17
VisualStudioVersion = 17.0.31912.275
MinimumVisualStudioVersion = 10.0.40219.1
Project("{9A19103F-16F7-4668-BE54-9A1E7A4F7556}") = "AlphabetPosition", "AlphabetPosition\AlphabetPosition.csproj", "{6774040B-6C88-4371-A24B-19C3C61865FA}"
EndProject
Project("{9A19103F-16F7-4668-BE54-9A1E7A4F7556}") = "MakeComplement", "MakeComplement\MakeComplement.csproj", "{DB8D41BF-2CA9-4EAA-8EFF-46C0796CA400}"
EndProject
Project("{9A19103F-16F7-4668-BE54-9A1E7A4F7556}") = "FindTheMissingLetter", "FindTheMissingLetter\FindTheMissingLetter.csproj", "{56B060DB-DB70-489C-9B00-66ADA59625BB}"
EndProject
Project("{9A19103F-16F7-4668-BE54-9A1E7A4F7556}") = "NarcissisticNumber", "NarcissisticNumber\NarcissisticNumber.csproj", "{289AC5A3-404D-4DBC-8388-A24F0A526DF3}"
EndProject
Project("{9A19103F-16F7-4668-BE54-9A1E7A4F7556}") = "NarcissisticNumber.Tests", "NarcissisticNumber.Tests\NarcissisticNumber.Tests.csproj", "{CB279E00-37BD-49A1-9171-D560A9572796}"
EndProject
Project("{9A19103F-16F7-4668-BE54-9A1E7A4F7556}") = "MakeComplement.Tests", "MakeComplement.Tests\MakeComplement.Tests.csproj", "{0989BFAD-3A85-49E9-8001-F3D3955BC7E1}"
EndProject
Project("{9A19103F-16F7-4668-BE54-9A1E7A4F7556}") = "AlphabetPosition.Tests", "AlphabetPosition.Tests\AlphabetPosition.Tests.csproj", "{AB372DD3-43EA-49D6-AD30-D57CDD0B99B9}"
EndProject
Project("{9A19103F-16F7-4668-BE54-9A1E7A4F7556}") = "FindTheMissingLetter.Tests", "FindTheMissingLetter.Tests\FindTheMissingLetter.Tests.csproj", "{4B2E1EFC-61FC-4F30-AFDD-DDB9359E237D}"
EndProject
Project("{FAE04EC0-301F-11D3-BF4B-00C04F79EFBC}") = "PaginationHelper", "PaginationHelper\PaginationHelper.csproj", "{7D2BEDEC-7598-4940-8CC6-359C4E046E1E}"
EndProject
Project("{FAE04EC0-301F-11D3-BF4B-00C04F79EFBC}") = "PaginationHelper.Tests", "PaginationHelper.Tests\PaginationHelper.Tests.csproj", "{119E01DB-B3C5-4703-A3F8-0F9693A54E2D}"
EndProject
Global
	GlobalSection(SolutionConfigurationPlatforms) = preSolution
		Debug|Any CPU = Debug|Any CPU
		Release|Any CPU = Release|Any CPU
	EndGlobalSection
	GlobalSection(ProjectConfigurationPlatforms) = postSolution
		{6774040B-6C88-4371-A24B-19C3C61865FA}.Debug|Any CPU.ActiveCfg = Debug|Any CPU
		{6774040B-6C88-4371-A24B-19C3C61865FA}.Debug|Any CPU.Build.0 = Debug|Any CPU
		{6774040B-6C88-4371-A24B-19C3C61865FA}.Release|Any CPU.ActiveCfg = Release|Any CPU
		{6774040B-6C88-4371-A24B-19C3C61865FA}.Release|Any CPU.Build.0 = Release|Any CPU
		{DB8D41BF-2CA9-4EAA-8EFF-46C0796CA400}.Debug|Any CPU.ActiveCfg = Debug|Any CPU
		{DB8D41BF-2CA9-4EAA-8EFF-46C0796CA400}.Debug|Any CPU.Build.0 = Debug|Any CPU
		{DB8D41BF-2CA9-4EAA-8EFF-46C0796CA400}.Release|Any CPU.ActiveCfg = Release|Any CPU
		{DB8D41BF-2CA9-4EAA-8EFF-46C0796CA400}.Release|Any CPU.Build.0 = Release|Any CPU
		{56B060DB-DB70-489C-9B00-66ADA59625BB}.Debug|Any CPU.ActiveCfg = Debug|Any CPU
		{56B060DB-DB70-489C-9B00-66ADA59625BB}.Debug|Any CPU.Build.0 = Debug|Any CPU
		{56B060DB-DB70-489C-9B00-66ADA59625BB}.Release|Any CPU.ActiveCfg = Release|Any CPU
		{56B060DB-DB70-489C-9B00-66ADA59625BB}.Release|Any CPU.Build.0 = Release|Any CPU
		{289AC5A3-404D-4DBC-8388-A24F0A526DF3}.Debug|Any CPU.ActiveCfg = Debug|Any CPU
		{289AC5A3-404D-4DBC-8388-A24F0A526DF3}.Debug|Any CPU.Build.0 = Debug|Any CPU
		{289AC5A3-404D-4DBC-8388-A24F0A526DF3}.Release|Any CPU.ActiveCfg = Release|Any CPU
		{289AC5A3-404D-4DBC-8388-A24F0A526DF3}.Release|Any CPU.Build.0 = Release|Any CPU
		{CB279E00-37BD-49A1-9171-D560A9572796}.Debug|Any CPU.ActiveCfg = Debug|Any CPU
		{CB279E00-37BD-49A1-9171-D560A9572796}.Debug|Any CPU.Build.0 = Debug|Any CPU
		{CB279E00-37BD-49A1-9171-D560A9572796}.Release|Any CPU.ActiveCfg = Release|Any CPU
		{CB279E00-37BD-49A1-9171-D560A9572796}.Release|Any CPU.Build.0 = Release|Any CPU
		{0989BFAD-3A85-49E9-8001-F3D3955BC7E1}.Debug|Any CPU.ActiveCfg = Debug|Any CPU
		{0989BFAD-3A85-49E9-8001-F3D3955BC7E1}.Debug|Any CPU.Build.0 = Debug|Any CPU
		{0989BFAD-3A85-49E9-8001-F3D3955BC7E1}.Release|Any CPU.ActiveCfg = Release|Any CPU
		{0989BFAD-3A85-49E9-8001-F3D3955BC7E1}.Release|Any CPU.Build.0 = Release|Any CPU
		{AB372DD3-43EA-49D6-AD30-D57CDD0B99B9}.Debug|Any CPU.ActiveCfg = Debug|Any CPU
		{AB372DD3-43EA-49D6-AD30-D57CDD0B99B9}.Debug|Any CPU.Build.0 = Debug|Any CPU
		{AB372DD3-43EA-49D6-AD30-D57CDD0B99B9}.Release|Any CPU.ActiveCfg = Release|Any CPU
		{AB372DD3-43EA-49D6-AD30-D57CDD0B99B9}.Release|Any CPU.Build.0 = Release|Any CPU
		{4B2E1EFC-61FC-4F30-AFDD-DDB9359E237D}.Debug|Any CPU.ActiveCfg = Debug|Any CPU
		{4B2E1EFC-61FC-4F30-AFDD-DDB9359E237D}.Debug|Any CPU.Build.0 = Debug|Any CPU
		{4B2E1EFC-61FC-4F30-AFDD-DDB9359E237D}.Release|Any CPU.ActiveCfg = Release|Any CPU
		{4B2E1EFC-61FC-4F30-AFDD-DDB9359E237D}.Release|Any CPU.Build.0 = Release|Any CPU
		{7D2BEDEC-7598-4940-8CC6-359C4E046E1E}.Debug|Any CPU.ActiveCfg = Debug|Any CPU
		{7D2BEDEC-7598-4940-8CC6-359C4E046E1E}.Debug|Any CPU.Build.0 = Debug|Any CPU
		{7D2BEDEC-7598-4940-8CC6-359C4E046E1E}.Release|Any CPU.ActiveCfg = Release|Any CPU
		{7D2BEDEC-7598-4940-8CC6-359C4E046E1E}.Release|Any CPU.Build.0 = Release|Any CPU
		{119E01DB-B3C5-4703-A3F8-0F9693A54E2D}.Debug|Any CPU.ActiveCfg = Debug|Any CPU
		{119E01DB-B3C5-4703-A3F8-0F9693A54E2D}.Debug|Any CPU.Build.0 = Debug|Any CPU
		{119E01DB-B3C5-4703-A3F8-0F9693A54E2D}.Release|Any CPU.ActiveCfg = Release|Any CPU
		{119E01DB-B3C5-4703-A3F8-0F9693A54E2D}.Release|Any CPU.Build.0 = Release|Any CPU
	EndGlobalSection
	GlobalSection(SolutionProperties) = preSolution
		HideSolutionNode = FALSE
	EndGlobalSection
	GlobalSection(ExtensibilityGlobals) = postSolution
		SolutionGuid = {D90AB2E9-5959-4CDB-9396-7C2C819553BA}
	EndGlobalSection
EndGlobal
